
Microsoft Visual Studio Solution File, Format Version 12.00
# Visual Studio Version 16
VisualStudioVersion = 16.0.29728.190
MinimumVisualStudioVersion = 10.0.40219.1
Project("{FAE04EC0-301F-11D3-BF4B-00C04F79EFBC}") = "WadAssignmnt2", "WadAssignmnt2\WadAssignmnt2.csproj", "{9F413BA6-80A5-4F86-867D-5DA977373491}"
EndProject
Global
	GlobalSection(SolutionConfigurationPlatforms) = preSolution
		Debug|Any CPU = Debug|Any CPU
		Release|Any CPU = Release|Any CPU
	EndGlobalSection
	GlobalSection(ProjectConfigurationPlatforms) = postSolution
		{9F413BA6-80A5-4F86-867D-5DA977373491}.Debug|Any CPU.ActiveCfg = Debug|Any CPU
		{9F413BA6-80A5-4F86-867D-5DA977373491}.Debug|Any CPU.Build.0 = Debug|Any CPU
		{9F413BA6-80A5-4F86-867D-5DA977373491}.Release|Any CPU.ActiveCfg = Release|Any CPU
		{9F413BA6-80A5-4F86-867D-5DA977373491}.Release|Any CPU.Build.0 = Release|Any CPU
	EndGlobalSection
	GlobalSection(SolutionProperties) = preSolution
		HideSolutionNode = FALSE
	EndGlobalSection
	GlobalSection(ExtensibilityGlobals) = postSolution
		SolutionGuid = {941CE938-5D24-4C13-B9C2-0ACE48BBC460}
	EndGlobalSection
EndGlobal
